{
    "_meta": {
        "hash": {
            "sha256": "b9c1a3dbc7bbf2f71ab54f197f8284f128ca239c72f84a0bce668daf057e9255"
        },
        "pipfile-spec": 6,
        "requires": {
            "python_version": "3.10"
        },
        "sources": [
            {
                "name": "pypi",
                "url": "https://pypi.org/simple",
                "verify_ssl": true
            }
        ]
    },
    "default": {
        "celery-worker": {
            "git": "https://github.com/shiragcv/celery-worker.git",
            "ref": "cde59928406ae02ed682606fe899e3a7797599bf"
        }
    },
    "develop": {}
}
